// !$*UTF8*$!
{
	archiveVersion = 1;
	classes = {
	};
	objectVersion = 50;
	objects = {

/* Begin PBXBuildFile section */
		909B87D125D195E6008098FF /* AppDelegate.swift in Sources */ = {isa = PBXBuildFile; fileRef = 909B87D025D195E6008098FF /* AppDelegate.swift */; };
		909B87D825D195E6008098FF /* Main.storyboard in Resources */ = {isa = PBXBuildFile; fileRef = 909B87D625D195E6008098FF /* Main.storyboard */; };
		909B87DA25D195E9008098FF /* Assets.xcassets in Resources */ = {isa = PBXBuildFile; fileRef = 909B87D925D195E9008098FF /* Assets.xcassets */; };
		909B87DD25D195E9008098FF /* LaunchScreen.storyboard in Resources */ = {isa = PBXBuildFile; fileRef = 909B87DB25D195E9008098FF /* LaunchScreen.storyboard */; };
		90F0E20125D2A74F0037F975 /* Post.swift in Sources */ = {isa = PBXBuildFile; fileRef = 90F0E20025D2A74F0037F975 /* Post.swift */; };
		90F0E20325D312FF0037F975 /* NetworkManager.swift in Sources */ = {isa = PBXBuildFile; fileRef = 90F0E20225D312FF0037F975 /* NetworkManager.swift */; };
		90F0E20B25D453EC0037F975 /* MasterViewController.swift in Sources */ = {isa = PBXBuildFile; fileRef = 90F0E20A25D453EC0037F975 /* MasterViewController.swift */; };
		90F0E21125D47D100037F975 /* PostDTO.swift in Sources */ = {isa = PBXBuildFile; fileRef = 90F0E21025D47D100037F975 /* PostDTO.swift */; };
		90F0E21325D47D7D0037F975 /* PostDTOMapper.swift in Sources */ = {isa = PBXBuildFile; fileRef = 90F0E21225D47D7D0037F975 /* PostDTOMapper.swift */; };
/* End PBXBuildFile section */

/* Begin PBXFileReference section */
		909B87CD25D195E6008098FF /* Test Task.app */ = {isa = PBXFileReference; explicitFileType = wrapper.application; includeInIndex = 0; path = "Test Task.app"; sourceTree = BUILT_PRODUCTS_DIR; };
		909B87D025D195E6008098FF /* AppDelegate.swift */ = {isa = PBXFileReference; lastKnownFileType = sourcecode.swift; path = AppDelegate.swift; sourceTree = "<group>"; };
		909B87D725D195E6008098FF /* Base */ = {isa = PBXFileReference; lastKnownFileType = file.storyboard; name = Base; path = Base.lproj/Main.storyboard; sourceTree = "<group>"; };
		909B87D925D195E9008098FF /* Assets.xcassets */ = {isa = PBXFileReference; lastKnownFileType = folder.assetcatalog; path = Assets.xcassets; sourceTree = "<group>"; };
		909B87DC25D195E9008098FF /* Base */ = {isa = PBXFileReference; lastKnownFileType = file.storyboard; name = Base; path = Base.lproj/LaunchScreen.storyboard; sourceTree = "<group>"; };
		909B87DE25D195E9008098FF /* Info.plist */ = {isa = PBXFileReference; lastKnownFileType = text.plist.xml; path = Info.plist; sourceTree = "<group>"; };
		90F0E20025D2A74F0037F975 /* Post.swift */ = {isa = PBXFileReference; lastKnownFileType = sourcecode.swift; path = Post.swift; sourceTree = "<group>"; };
		90F0E20225D312FF0037F975 /* NetworkManager.swift */ = {isa = PBXFileReference; lastKnownFileType = sourcecode.swift; path = NetworkManager.swift; sourceTree = "<group>"; };
		90F0E20A25D453EC0037F975 /* MasterViewController.swift */ = {isa = PBXFileReference; lastKnownFileType = sourcecode.swift; path = MasterViewController.swift; sourceTree = "<group>"; };
		90F0E21025D47D100037F975 /* PostDTO.swift */ = {isa = PBXFileReference; lastKnownFileType = sourcecode.swift; path = PostDTO.swift; sourceTree = "<group>"; };
		90F0E21225D47D7D0037F975 /* PostDTOMapper.swift */ = {isa = PBXFileReference; lastKnownFileType = sourcecode.swift; path = PostDTOMapper.swift; sourceTree = "<group>"; };
/* End PBXFileReference section */

/* Begin PBXFrameworksBuildPhase section */
		909B87CA25D195E6008098FF /* Frameworks */ = {
			isa = PBXFrameworksBuildPhase;
			buildActionMask = 2147483647;
			files = (
			);
			runOnlyForDeploymentPostprocessing = 0;
		};
/* End PBXFrameworksBuildPhase section */

/* Begin PBXGroup section */
		909B87C425D195E6008098FF = {
			isa = PBXGroup;
			children = (
				909B87CF25D195E6008098FF /* Test Task */,
				909B87CE25D195E6008098FF /* Products */,
			);
			sourceTree = "<group>";
		};
		909B87CE25D195E6008098FF /* Products */ = {
			isa = PBXGroup;
			children = (
				909B87CD25D195E6008098FF /* Test Task.app */,
			);
			name = Products;
			sourceTree = "<group>";
		};
		909B87CF25D195E6008098FF /* Test Task */ = {
			isa = PBXGroup;
			children = (
				90F0E20225D312FF0037F975 /* NetworkManager.swift */,
				90F0E1FF25D2A52C0037F975 /* Models */,
				90F0E1FA25D1AFBE0037F975 /* Controllers */,
				909B87D025D195E6008098FF /* AppDelegate.swift */,
				909B87D625D195E6008098FF /* Main.storyboard */,
				909B87D925D195E9008098FF /* Assets.xcassets */,
				909B87DB25D195E9008098FF /* LaunchScreen.storyboard */,
				909B87DE25D195E9008098FF /* Info.plist */,
			);
			path = "Test Task";
			sourceTree = "<group>";
		};
		90F0E1FA25D1AFBE0037F975 /* Controllers */ = {
			isa = PBXGroup;
			children = (
				90F0E20A25D453EC0037F975 /* MasterViewController.swift */,
			);
			path = Controllers;
			sourceTree = "<group>";
		};
		90F0E1FF25D2A52C0037F975 /* Models */ = {
			isa = PBXGroup;
			children = (
				90F0E20025D2A74F0037F975 /* Post.swift */,
				90F0E21025D47D100037F975 /* PostDTO.swift */,
				90F0E21225D47D7D0037F975 /* PostDTOMapper.swift */,
			);
			path = Models;
			sourceTree = "<group>";
		};
/* End PBXGroup section */

/* Begin PBXNativeTarget section */
		909B87CC25D195E6008098FF /* Test Task */ = {
			isa = PBXNativeTarget;
			buildConfigurationList = 909B87E125D195E9008098FF /* Build configuration list for PBXNativeTarget "Test Task" */;
			buildPhases = (
				909B87C925D195E6008098FF /* Sources */,
				909B87CA25D195E6008098FF /* Frameworks */,
				909B87CB25D195E6008098FF /* Resources */,
			);
			buildRules = (
			);
			dependencies = (
			);
			name = "Test Task";
			productName = "Test Task";
			productReference = 909B87CD25D195E6008098FF /* Test Task.app */;
			productType = "com.apple.product-type.application";
		};
/* End PBXNativeTarget section */

/* Begin PBXProject section */
		909B87C525D195E6008098FF /* Project object */ = {
			isa = PBXProject;
			attributes = {
				LastSwiftUpdateCheck = 1150;
				LastUpgradeCheck = 1150;
				ORGANIZATIONNAME = "Gleb Ilchyshyn";
				TargetAttributes = {
					909B87CC25D195E6008098FF = {
						CreatedOnToolsVersion = 11.5;
					};
				};
			};
			buildConfigurationList = 909B87C825D195E6008098FF /* Build configuration list for PBXProject "Test Task" */;
			compatibilityVersion = "Xcode 9.3";
			developmentRegion = en;
			hasScannedForEncodings = 0;
			knownRegions = (
				en,
				Base,
			);
			mainGroup = 909B87C425D195E6008098FF;
			productRefGroup = 909B87CE25D195E6008098FF /* Products */;
			projectDirPath = "";
			projectRoot = "";
			targets = (
				909B87CC25D195E6008098FF /* Test Task */,
			);
		};
/* End PBXProject section */

/* Begin PBXResourcesBuildPhase section */
		909B87CB25D195E6008098FF /* Resources */ = {
			isa = PBXResourcesBuildPhase;
			buildActionMask = 2147483647;
			files = (
				909B87DD25D195E9008098FF /* LaunchScreen.storyboard in Resources */,
				909B87DA25D195E9008098FF /* Assets.xcassets in Resources */,
				909B87D825D195E6008098FF /* Main.storyboard in Resources */,
			);
			runOnlyForDeploymentPostprocessing = 0;
		};
/* End PBXResourcesBuildPhase section */

/* Begin PBXSourcesBuildPhase section */
		909B87C925D195E6008098FF /* Sources */ = {
			isa = PBXSourcesBuildPhase;
			buildActionMask = 2147483647;
			files = (
				90F0E20B25D453EC0037F975 /* MasterViewController.swift in Sources */,
				909B87D125D195E6008098FF /* AppDelegate.swift in Sources */,
				90F0E21125D47D100037F975 /* PostDTO.swift in Sources */,
				90F0E21325D47D7D0037F975 /* PostDTOMapper.swift in Sources */,
				90F0E20325D312FF0037F975 /* NetworkManager.swift in Sources */,
				90F0E20125D2A74F0037F975 /* Post.swift in Sources */,
			);
			runOnlyForDeploymentPostprocessing = 0;
		};
/* End PBXSourcesBuildPhase section */

/* Begin PBXVariantGroup section */
		909B87D625D195E6008098FF /* Main.storyboard */ = {
			isa = PBXVariantGroup;
			children = (
				909B87D725D195E6008098FF /* Base */,
			);
			name = Main.storyboard;
			sourceTree = "<group>";
		};
		909B87DB25D195E9008098FF /* LaunchScreen.storyboard */ = {
			isa = PBXVariantGroup;
			children = (
				909B87DC25D195E9008098FF /* Base */,
			);
			name = LaunchScreen.storyboard;
			sourceTree = "<group>";
		};
/* End PBXVariantGroup section */

/* Begin XCBuildConfiguration section */
		909B87DF25D195E9008098FF /* Debug */ = {
			isa = XCBuildConfiguration;
			buildSettings = {
				ALWAYS_SEARCH_USER_PATHS = NO;
				CLANG_ANALYZER_NONNULL = YES;
				CLANG_ANALYZER_NUMBER_OBJECT_CONVERSION = YES_AGGRESSIVE;
				CLANG_CXX_LANGUAGE_STANDARD = "gnu++14";
				CLANG_CXX_LIBRARY = "libc++";
				CLANG_ENABLE_MODULES = YES;
				CLANG_ENABLE_OBJC_ARC = YES;
				CLANG_ENABLE_OBJC_WEAK = YES;
				CLANG_WARN_BLOCK_CAPTURE_AUTORELEASING = YES;
				CLANG_WARN_BOOL_CONVERSION = YES;
				CLANG_WARN_COMMA = YES;
				CLANG_WARN_CONSTANT_CONVERSION = YES;
				CLANG_WARN_DEPRECATED_OBJC_IMPLEMENTATIONS = YES;
				CLANG_WARN_DIRECT_OBJC_ISA_USAGE = YES_ERROR;
				CLANG_WARN_DOCUMENTATION_COMMENTS = YES;
				CLANG_WARN_EMPTY_BODY = YES;
				CLANG_WARN_ENUM_CONVERSION = YES;
				CLANG_WARN_INFINITE_RECURSION = YES;
				CLANG_WARN_INT_CONVERSION = YES;
				CLANG_WARN_NON_LITERAL_NULL_CONVERSION = YES;
				CLANG_WARN_OBJC_IMPLICIT_RETAIN_SELF = YES;
				CLANG_WARN_OBJC_LITERAL_CONVERSION = YES;
				CLANG_WARN_OBJC_ROOT_CLASS = YES_ERROR;
				CLANG_WARN_RANGE_LOOP_ANALYSIS = YES;
				CLANG_WARN_STRICT_PROTOTYPES = YES;
				CLANG_WARN_SUSPICIOUS_MOVE = YES;
				CLANG_WARN_UNGUARDED_AVAILABILITY = YES_AGGRESSIVE;
				CLANG_WARN_UNREACHABLE_CODE = YES;
				CLANG_WARN__DUPLICATE_METHOD_MATCH = YES;
				COPY_PHASE_STRIP = NO;
				DEBUG_INFORMATION_FORMAT = dwarf;
				ENABLE_STRICT_OBJC_MSGSEND = YES;
				ENABLE_TESTABILITY = YES;
				GCC_C_LANGUAGE_STANDARD = gnu11;
				GCC_DYNAMIC_NO_PIC = NO;
				GCC_NO_COMMON_BLOCKS = YES;
				GCC_OPTIMIZATION_LEVEL = 0;
				GCC_PREPROCESSOR_DEFINITIONS = (
					"DEBUG=1",
					"$(inherited)",
				);
				GCC_WARN_64_TO_32_BIT_CONVERSION = YES;
				GCC_WARN_ABOUT_RETURN_TYPE = YES_ERROR;
				GCC_WARN_UNDECLARED_SELECTOR = YES;
				GCC_WARN_UNINITIALIZED_AUTOS = YES_AGGRESSIVE;
				GCC_WARN_UNUSED_FUNCTION = YES;
				GCC_WARN_UNUSED_VARIABLE = YES;
				IPHONEOS_DEPLOYMENT_TARGET = 13.5;
				MTL_ENABLE_DEBUG_INFO = INCLUDE_SOURCE;
				MTL_FAST_MATH = YES;
				ONLY_ACTIVE_ARCH = YES;
				SDKROOT = iphoneos;
				SWIFT_ACTIVE_COMPILATION_CONDITIONS = DEBUG;
				SWIFT_OPTIMIZATION_LEVEL = "-Onone";
			};
			name = Debug;
		};
		909B87E025D195E9008098FF /* Release */ = {
			isa = XCBuildConfiguration;
			buildSettings = {
				ALWAYS_SEARCH_USER_PATHS = NO;
				CLANG_ANALYZER_NONNULL = YES;
				CLANG_ANALYZER_NUMBER_OBJECT_CONVERSION = YES_AGGRESSIVE;
				CLANG_CXX_LANGUAGE_STANDARD = "gnu++14";
				CLANG_CXX_LIBRARY = "libc++";
				CLANG_ENABLE_MODULES = YES;
				CLANG_ENABLE_OBJC_ARC = YES;
				CLANG_ENABLE_OBJC_WEAK = YES;
				CLANG_WARN_BLOCK_CAPTURE_AUTORELEASING = YES;
				CLANG_WARN_BOOL_CONVERSION = YES;
				CLANG_WARN_COMMA = YES;
				CLANG_WARN_CONSTANT_CONVERSION = YES;
				CLANG_WARN_DEPRECATED_OBJC_IMPLEMENTATIONS = YES;
				CLANG_WARN_DIRECT_OBJC_ISA_USAGE = YES_ERROR;
				CLANG_WARN_DOCUMENTATION_COMMENTS = YES;
				CLANG_WARN_EMPTY_BODY = YES;
				CLANG_WARN_ENUM_CONVERSION = YES;
				CLANG_WARN_INFINITE_RECURSION = YES;
				CLANG_WARN_INT_CONVERSION = YES;
				CLANG_WARN_NON_LITERAL_NULL_CONVERSION = YES;
				CLANG_WARN_OBJC_IMPLICIT_RETAIN_SELF = YES;
				CLANG_WARN_OBJC_LITERAL_CONVERSION = YES;
				CLANG_WARN_OBJC_ROOT_CLASS = YES_ERROR;
				CLANG_WARN_RANGE_LOOP_ANALYSIS = YES;
				CLANG_WARN_STRICT_PROTOTYPES = YES;
				CLANG_WARN_SUSPICIOUS_MOVE = YES;
				CLANG_WARN_UNGUARDED_AVAILABILITY = YES_AGGRESSIVE;
				CLANG_WARN_UNREACHABLE_CODE = YES;
				CLANG_WARN__DUPLICATE_METHOD_MATCH = YES;
				COPY_PHASE_STRIP = NO;
				DEBUG_INFORMATION_FORMAT = "dwarf-with-dsym";
				ENABLE_NS_ASSERTIONS = NO;
				ENABLE_STRICT_OBJC_MSGSEND = YES;
				GCC_C_LANGUAGE_STANDARD = gnu11;
				GCC_NO_COMMON_BLOCKS = YES;
				GCC_WARN_64_TO_32_BIT_CONVERSION = YES;
				GCC_WARN_ABOUT_RETURN_TYPE = YES_ERROR;
				GCC_WARN_UNDECLARED_SELECTOR = YES;
				GCC_WARN_UNINITIALIZED_AUTOS = YES_AGGRESSIVE;
				GCC_WARN_UNUSED_FUNCTION = YES;
				GCC_WARN_UNUSED_VARIABLE = YES;
				IPHONEOS_DEPLOYMENT_TARGET = 13.5;
				MTL_ENABLE_DEBUG_INFO = NO;
				MTL_FAST_MATH = YES;
				SDKROOT = iphoneos;
				SWIFT_COMPILATION_MODE = wholemodule;
				SWIFT_OPTIMIZATION_LEVEL = "-O";
				VALIDATE_PRODUCT = YES;
			};
			name = Release;
		};
		909B87E225D195E9008098FF /* Debug */ = {
			isa = XCBuildConfiguration;
			buildSettings = {
				ASSETCATALOG_COMPILER_APPICON_NAME = AppIcon;
				CODE_SIGN_STYLE = Automatic;
				INFOPLIST_FILE = "Test Task/Info.plist";
				IPHONEOS_DEPLOYMENT_TARGET = 11.0;
				LD_RUNPATH_SEARCH_PATHS = (
					"$(inherited)",
					"@executable_path/Frameworks",
				);
				PRODUCT_BUNDLE_IDENTIFIER = "Gleb-Ilchyshyn.Test-Task";
				PRODUCT_NAME = "$(TARGET_NAME)";
				SWIFT_VERSION = 4.2;
				TARGETED_DEVICE_FAMILY = "1,2";
			};
			name = Debug;
		};
		909B87E325D195E9008098FF /* Release */ = {
			isa = XCBuildConfiguration;
			buildSettings = {
				ASSETCATALOG_COMPILER_APPICON_NAME = AppIcon;
				CODE_SIGN_STYLE = Automatic;
				INFOPLIST_FILE = "Test Task/Info.plist";
				IPHONEOS_DEPLOYMENT_TARGET = 11.0;
				LD_RUNPATH_SEARCH_PATHS = (
					"$(inherited)",
					"@executable_path/Frameworks",
				);
				PRODUCT_BUNDLE_IDENTIFIER = "Gleb-Ilchyshyn.Test-Task";
				PRODUCT_NAME = "$(TARGET_NAME)";
				SWIFT_VERSION = 4.2;
				TARGETED_DEVICE_FAMILY = "1,2";
			};
			name = Release;
		};
/* End XCBuildConfiguration section */

/* Begin XCConfigurationList section */
		909B87C825D195E6008098FF /* Build configuration list for PBXProject "Test Task" */ = {
			isa = XCConfigurationList;
			buildConfigurations = (
				909B87DF25D195E9008098FF /* Debug */,
				909B87E025D195E9008098FF /* Release */,
			);
			defaultConfigurationIsVisible = 0;
			defaultConfigurationName = Release;
		};
		909B87E125D195E9008098FF /* Build configuration list for PBXNativeTarget "Test Task" */ = {
			isa = XCConfigurationList;
			buildConfigurations = (
				909B87E225D195E9008098FF /* Debug */,
				909B87E325D195E9008098FF /* Release */,
			);
			defaultConfigurationIsVisible = 0;
			defaultConfigurationName = Release;
		};
/* End XCConfigurationList section */
	};
	rootObject = 909B87C525D195E6008098FF /* Project object */;
}
